
Microsoft Visual Studio Solution File, Format Version 12.00
# Visual Studio Version 17
VisualStudioVersion = 17.5.002.0
MinimumVisualStudioVersion = 10.0.40219.1
Project("{9A19103F-16F7-4668-BE54-9A1E7A4F7556}") = "Practica11", "Practica11.csproj", "{65FE69A4-645E-4F54-886A-97AEBB1F95DA}"
EndProject
Global
	GlobalSection(SolutionConfigurationPlatforms) = preSolution
		Debug|Any CPU = Debug|Any CPU
		Release|Any CPU = Release|Any CPU
	EndGlobalSection
	GlobalSection(ProjectConfigurationPlatforms) = postSolution
		{65FE69A4-645E-4F54-886A-97AEBB1F95DA}.Debug|Any CPU.ActiveCfg = Debug|Any CPU
		{65FE69A4-645E-4F54-886A-97AEBB1F95DA}.Debug|Any CPU.Build.0 = Debug|Any CPU
		{65FE69A4-645E-4F54-886A-97AEBB1F95DA}.Release|Any CPU.ActiveCfg = Release|Any CPU
		{65FE69A4-645E-4F54-886A-97AEBB1F95DA}.Release|Any CPU.Build.0 = Release|Any CPU
	EndGlobalSection
	GlobalSection(SolutionProperties) = preSolution
		HideSolutionNode = FALSE
	EndGlobalSection
	GlobalSection(ExtensibilityGlobals) = postSolution
		SolutionGuid = {095CAD74-16E0-4651-9199-8D1F3677FBCB}
	EndGlobalSection
EndGlobal
